{
  "lockfile_version": "1",
  "packages": {
    "diffutils@3.12": {
      "last_modified": "2026-07-23T05:10:05Z",
      "resolved": "github:NixOS/nixpkgs/7525d999cd850b9a488817abc89c75dc733acf17#diffutils",
      "source": "devbox-search",
      "version": "3.12",
      "systems": {
        "aarch64-darwin": {
          "outputs": [
            {
              "name": "out",
              "path": "/nix/store/rbwynbh99a00f23xbha5wqj5p8ry50fs-diffutils-3.12",
              "default": true
            },
            {
              "name": "info",
              "path": "/nix/store/8mnr14i9nagwy7zq7idpnxmbn713vzp5-diffutils-3.12-info"
            }
          ],
          "store_path": "/nix/store/rbwynbh99a00f23xbha5wqj5p8ry50fs-diffutils-3.12"
        },
        "aarch64-linux": {
          "outputs": [
            {
              "name": "out",
              "path": "/nix/store/bblvy0gjfa9sqml9nzmbh90daw7815z4-diffutils-3.12",
              "default": true
            },
            {
              "name": "info",
              "path": "/nix/store/v1w1ykabd35wwys2ahdmsf4h5bpgslvm-diffutils-3.12-info"
            }
          ],
          "store_path": "/nix/store/bblvy0gjfa9sqml9nzmbh90daw7815z4-diffutils-3.12"
        },
        "x86_64-darwin": {
          "outputs": [
            {
              "name": "out",
              "path": "/nix/store/lwghldxh6irjmbp73lpxv6mrdwb4aqhv-diffutils-3.12",
              "default": true
            },
            {
              "name": "info",
              "path": "/nix/store/7rh8a74vwdb6lvvvwjd0dlpv84hl6mr6-diffutils-3.12-info"
            }
          ],
          "store_path": "/nix/store/lwghldxh6irjmbp73lpxv6mrdwb4aqhv-diffutils-3.12"
        },
        "x86_64-linux": {
          "outputs": [
            {
              "name": "out",
              "path": "/nix/store/ib2z0l0fbm3p1iqw4r79i0h2qca0qgwm-diffutils-3.12",
              "default": true
            },
            {
              "name": "info",
              "path": "/nix/store/rzwh5diw4wq51z8h2v0g0g63nwqw1zq8-diffutils-3.12-info"
            }
          ],
          "store_path": "/nix/store/ib2z0l0fbm3p1iqw4r79i0h2qca0qgwm-diffutils-3.12"
        }
      }
    },
    "emacs-nox@30.2": {
      "last_modified": "2026-07-23T05:10:05Z",
      "resolved": "github:NixOS/nixpkgs/7525d999cd850b9a488817abc89c75dc733acf17#emacs-nox",
      "source": "devbox-search",
      "version": "30.2",
      "systems": {
        "aarch64-darwin": {
          "outputs": [
            {
              "name": "out",
              "path": "/nix/store/abms26rlrr4nrrcd7gd8a88wm49xb0ls-emacs-nox-30.2",
              "default": true
            }
          ],
          "store_path": "/nix/store/abms26rlrr4nrrcd7gd8a88wm49xb0ls-emacs-nox-30.2"
        },
        "aarch64-linux": {
          "outputs": [
            {
              "name": "out",
              "path": "/nix/store/vr6p5lbdn1pc0mvdrf688hg7z38davjm-emacs-nox-30.2",
              "default": true
            }
          ],
          "store_path": "/nix/store/vr6p5lbdn1pc0mvdrf688hg7z38davjm-emacs-nox-30.2"
        },
        "x86_64-darwin": {
          "outputs": [
            {
              "name": "out",
              "path": "/nix/store/d2sb3h351fwj6iwiphl8ick5x615fpcy-emacs-nox-30.2",
              "default": true
            }
          ],
          "store_path": "/nix/store/d2sb3h351fwj6iwiphl8ick5x615fpcy-emacs-nox-30.2"
        },
        "x86_64-linux": {
          "outputs": [
            {
              "name": "out",
              "path": "/nix/store/hhzmhc50ms2l0g6q921lpb0zswvhkcr5-emacs-nox-30.2",
              "default": true
            }
          ],
          "store_path": "/nix/store/hhzmhc50ms2l0g6q921lpb0zswvhkcr5-emacs-nox-30.2"
        }
      }
    },
    "github:NixOS/nixpkgs/nixpkgs-unstable": {
      "last_modified": "2026-07-17T09:58:13Z",
      "resolved": "github:NixOS/nixpkgs/a47c123a609287a012dfc44d281de2dd4ed13394?lastModified=1784282293&narHash=sha256-IpX7tmVJi9seHg5M4Wuexy78bQDlbntVk1HcT9kFts4%3D"
    },
    "gnumake@4.4.1": {
      "last_modified": "2026-07-23T05:10:05Z",
      "resolved": "github:NixOS/nixpkgs/7525d999cd850b9a488817abc89c75dc733acf17#gnumake",
      "source": "devbox-search",
      "version": "4.4.1",
      "systems": {
        "aarch64-darwin": {
          "outputs": [
            {
              "name": "out",
              "path": "/nix/store/7f7x81x6vb8kva42skn921d3ga2w0qap-gnumake-4.4.1",
              "default": true
            },
            {
              "name": "man",
              "path": "/nix/store/byj13qf46ib7xk4zfvk3k5w8r34z9mf2-gnumake-4.4.1-man",
              "default": true
            },
            {
              "name": "info",
              "path": "/nix/store/0ncajy1b1wgyy5jxm6fxlm7wbblsvc05-gnumake-4.4.1-info"
            },
            {
              "name": "doc",
              "path": "/nix/store/rdwb8d7iv8j5vp5pdx9lbqjr6wk0ydji-gnumake-4.4.1-doc"
            }
          ],
          "store_path": "/nix/store/7f7x81x6vb8kva42skn921d3ga2w0qap-gnumake-4.4.1"
        },
        "aarch64-linux": {
          "outputs": [
            {
              "name": "out",
              "path": "/nix/store/qdh1xpknc0ys6m46gi4p2qcyyryc8pv0-gnumake-4.4.1",
              "default": true
            },
            {
              "name": "man",
              "path": "/nix/store/7qbsp83ianzwbhzsgwx8yv832n4a1kkx-gnumake-4.4.1-man",
              "default": true
            },
            {
              "name": "debug",
              "path": "/nix/store/m4d49zx7zfgv1sdd7zg5zzsinaccyfk6-gnumake-4.4.1-debug"
            },
            {
              "name": "doc",
              "path": "/nix/store/p7p13ajir7nw802nf7rvdhray70l4lnj-gnumake-4.4.1-doc"
            },
            {
              "name": "info",
              "path": "/nix/store/0b0bys1xj58mjnwk2iicqa2sv55z4ac2-gnumake-4.4.1-info"
            }
          ],
          "store_path": "/nix/store/qdh1xpknc0ys6m46gi4p2qcyyryc8pv0-gnumake-4.4.1"
        },
        "x86_64-darwin": {
          "outputs": [
            {
              "name": "out",
              "path": "/nix/store/0bg5b97b9hbhz8907bfcrch1i116xppa-gnumake-4.4.1",
              "default": true
            },
            {
              "name": "man",
              "path": "/nix/store/wb4yn3d7vmi1hr4f8pz38rjvcl7f70ma-gnumake-4.4.1-man",
              "default": true
            },
            {
              "name": "doc",
              "path": "/nix/store/3b9cjf16jx4ncpp3b4k6m8q01nxsrw1n-gnumake-4.4.1-doc"
            },
            {
              "name": "info",
              "path": "/nix/store/rriz5p4q8a6sca7sw3p3js1m5dl09ia8-gnumake-4.4.1-info"
            }
          ],
          "store_path": "/nix/store/0bg5b97b9hbhz8907bfcrch1i116xppa-gnumake-4.4.1"
        },
        "x86_64-linux": {
          "outputs": [
            {
              "name": "out",
              "path": "/nix/store/66x1qiph890315003f27a15xsqax6lwf-gnumake-4.4.1",
              "default": true
            },
            {
              "name": "man",
              "path": "/nix/store/ndm1zqm8a3bvbh3ybhnncda9i27ip13f-gnumake-4.4.1-man",
              "default": true
            },
            {
              "name": "debug",
              "path": "/nix/store/gq4akpk5dfabh9q7bdnd95r1g8hv9qgs-gnumake-4.4.1-debug"
            },
            {
              "name": "doc",
              "path": "/nix/store/bdv51k4qj1vvkw0knk0p6kv4zjs6vzqy-gnumake-4.4.1-doc"
            },
            {
              "name": "info",
              "path": "/nix/store/vznzsnngs0fydqvrdb71xmfry1zxz0h2-gnumake-4.4.1-info"
            }
          ],
          "store_path": "/nix/store/66x1qiph890315003f27a15xsqax6lwf-gnumake-4.4.1"
        }
      }
    },
    "go@1.26.4": {
      "last_modified": "2026-07-08T21:13:06Z",
      "resolved": "github:NixOS/nixpkgs/389ed85304b281ca7f306cf8a1eb4378651ca44e#go",
      "source": "devbox-search",
      "version": "1.26.4",
      "systems": {
        "aarch64-darwin": {
          "outputs": [
            {
              "name": "out",
              "path": "/nix/store/38idfbqyw3p8xaslv6bnrig62pj7qy6i-go-1.26.4",
              "default": true
            }
          ],
          "store_path": "/nix/store/38idfbqyw3p8xaslv6bnrig62pj7qy6i-go-1.26.4"
        },
        "aarch64-linux": {
          "outputs": [
            {
              "name": "out",
              "path": "/nix/store/z8b7c0h6g8dnv6vlxh7fha1d66krvgn9-go-1.26.4",
              "default": true
            }
          ],
          "store_path": "/nix/store/z8b7c0h6g8dnv6vlxh7fha1d66krvgn9-go-1.26.4"
        },
        "x86_64-darwin": {
          "outputs": [
            {
              "name": "out",
              "path": "/nix/store/h0z6ghmi3cihlbm163d72xs9p9nn04a1-go-1.26.4",
              "default": true
            }
          ],
          "store_path": "/nix/store/h0z6ghmi3cihlbm163d72xs9p9nn04a1-go-1.26.4"
        },
        "x86_64-linux": {
          "outputs": [
            {
              "name": "out",
              "path": "/nix/store/1xklj6dmgcpgz60c9w2ynaq7ynzfsrrq-go-1.26.4",
              "default": true
            }
          ],
          "store_path": "/nix/store/1xklj6dmgcpgz60c9w2ynaq7ynzfsrrq-go-1.26.4"
        }
      }
    },
    "librsvg@2.62.3": {
      "last_modified": "2026-08-03T09:05:39Z",
      "resolved": "github:NixOS/nixpkgs/104240a772428cc2e20d8fd86c9ddbb886bbaff2#librsvg",
      "source": "devbox-search",
      "version": "2.62.3",
      "systems": {
        "aarch64-darwin": {
          "outputs": [
            {
              "name": "out",
              "path": "/nix/store/2jpdakbavxsvmbwv8lbvgsh0g0n0pv6g-librsvg-2.62.3",
              "default": true
            },
            {
              "name": "dev",
              "path": "/nix/store/n839hacdvqr0nnx5r2yb609v37yqwkw8-librsvg-2.62.3-dev"
            },
            {
              "name": "devdoc",
              "path": "/nix/store/9shs04wjs6xrwwciaapxgl8vlv0j6d9g-librsvg-2.62.3-devdoc"
            }
          ],
          "store_path": "/nix/store/2jpdakbavxsvmbwv8lbvgsh0g0n0pv6g-librsvg-2.62.3"
        },
        "aarch64-linux": {
          "outputs": [
            {
              "name": "out",
              "path": "/nix/store/309jkrqkiadbnzmdk9rx90sgh0298k5g-librsvg-2.62.3",
              "default": true
            },
            {
              "name": "dev",
              "path": "/nix/store/v40il9cfjks3hqz7b31d6nns78dpsxl5-librsvg-2.62.3-dev"
            },
            {
              "name": "devdoc",
              "path": "/nix/store/qsffz0k5bsbs1jccdr4y5yknbyg8qp9r-librsvg-2.62.3-devdoc"
            }
          ],
          "store_path": "/nix/store/309jkrqkiadbnzmdk9rx90sgh0298k5g-librsvg-2.62.3"
        },
        "x86_64-linux": {
          "outputs": [
            {
              "name": "out",
              "path": "/nix/store/j9i3jwf0i2b237yszbmhl6zvr5m0ad8a-librsvg-2.62.3",
              "default": true
            },
            {
              "name": "dev",
              "path": "/nix/store/n6i6c1cz5vgdhydnhfvx38x31jgca3p8-librsvg-2.62.3-dev"
            },
            {
              "name": "devdoc",
              "path": "/nix/store/dpmgdp0pmrdif463rdjssw65p4ds1ysh-librsvg-2.62.3-devdoc"
            }
          ],
          "store_path": "/nix/store/j9i3jwf0i2b237yszbmhl6zvr5m0ad8a-librsvg-2.62.3"
        }
      }
    },
    "mermaid-cli@11.16.0": {
      "last_modified": "2026-08-01T16:34:20Z",
      "resolved": "github:NixOS/nixpkgs/a5cbcfe954791221bfffe2307f7d1a1bf61a871e#mermaid-cli",
      "source": "devbox-search",
      "version": "11.16.0",
      "systems": {
        "aarch64-darwin": {
          "outputs": [
            {
              "name": "out",
              "path": "/nix/store/q30k9n6w94n6amhs6bxqarw3waj2zl15-mermaid-cli-11.16.0",
              "default": true
            }
          ],
          "store_path": "/nix/store/q30k9n6w94n6amhs6bxqarw3waj2zl15-mermaid-cli-11.16.0"
        },
        "aarch64-linux": {
          "outputs": [
            {
              "name": "out",
              "path": "/nix/store/jin4zd0ba1wivr0ap5lgdr32d8df7i2q-mermaid-cli-11.16.0",
              "default": true
            }
          ],
          "store_path": "/nix/store/jin4zd0ba1wivr0ap5lgdr32d8df7i2q-mermaid-cli-11.16.0"
        },
        "x86_64-linux": {
          "outputs": [
            {
              "name": "out",
              "path": "/nix/store/cjmdw37z5lxhsz8m4k083352m9h8gydg-mermaid-cli-11.16.0",
              "default": true
            }
          ],
          "store_path": "/nix/store/cjmdw37z5lxhsz8m4k083352m9h8gydg-mermaid-cli-11.16.0"
        }
      }
    },
    "pandoc@3.7.0.2": {
      "last_modified": "2026-08-01T16:34:20Z",
      "resolved": "github:NixOS/nixpkgs/a5cbcfe954791221bfffe2307f7d1a1bf61a871e#pandoc",
      "source": "devbox-search",
      "version": "3.7.0.2",
      "systems": {
        "aarch64-darwin": {
          "outputs": [
            {
              "name": "out",
              "path": "/nix/store/rshq8bsy3qy6kr3lh1i0qlixa12i5058-pandoc-cli-3.7.0.2",
              "default": true
            }
          ],
          "store_path": "/nix/store/rshq8bsy3qy6kr3lh1i0qlixa12i5058-pandoc-cli-3.7.0.2"
        },
        "aarch64-linux": {
          "outputs": [
            {
              "name": "out",
              "path": "/nix/store/zw7gfz252rpnx8ay65rlscaz4nsgjiqd-pandoc-cli-3.7.0.2",
              "default": true
            }
          ],
          "store_path": "/nix/store/zw7gfz252rpnx8ay65rlscaz4nsgjiqd-pandoc-cli-3.7.0.2"
        },
        "x86_64-darwin": {
          "outputs": [
            {
              "name": "out",
              "path": "/nix/store/qsvyw58wk9494w5xsv3zhn1hx8s3gqrv-pandoc-cli-3.7.0.2",
              "default": true
            }
          ],
          "store_path": "/nix/store/qsvyw58wk9494w5xsv3zhn1hx8s3gqrv-pandoc-cli-3.7.0.2"
        },
        "x86_64-linux": {
          "outputs": [
            {
              "name": "out",
              "path": "/nix/store/6mwqmnwzbvbdjh2bijrj8fxkfvpm9fbr-pandoc-cli-3.7.0.2",
              "default": true
            }
          ],
          "store_path": "/nix/store/6mwqmnwzbvbdjh2bijrj8fxkfvpm9fbr-pandoc-cli-3.7.0.2"
        }
      }
    },
    "python@3.11.15": {
      "last_modified": "2026-08-01T16:34:20Z",
      "plugin_version": "0.0.5",
      "resolved": "github:NixOS/nixpkgs/a5cbcfe954791221bfffe2307f7d1a1bf61a871e#python311",
      "source": "devbox-search",
      "version": "3.11.15",
      "systems": {
        "aarch64-darwin": {
          "outputs": [
            {
              "name": "out",
              "path": "/nix/store/266hir9772884z0a0lcijswblgpvqwja-python3-3.11.15",
              "default": true
            }
          ],
          "store_path": "/nix/store/266hir9772884z0a0lcijswblgpvqwja-python3-3.11.15"
        },
        "aarch64-linux": {
          "outputs": [
            {
              "name": "out",
              "path": "/nix/store/ar0z8cl7vbyh0nbi0p31zll9r58hhlcr-python3-3.11.15",
              "default": true
            },
            {
              "name": "debug",
              "path": "/nix/store/2xaxys7whd0xb4i0khgppjk0ricfabd5-python3-3.11.15-debug"
            }
          ],
          "store_path": "/nix/store/ar0z8cl7vbyh0nbi0p31zll9r58hhlcr-python3-3.11.15"
        },
        "x86_64-darwin": {
          "outputs": [
            {
              "name": "out",
              "path": "/nix/store/4w7i02q2kvwbhi4xmw14rkwbmv5s1h8n-python3-3.11.15",
              "default": true
            }
          ],
          "store_path": "/nix/store/4w7i02q2kvwbhi4xmw14rkwbmv5s1h8n-python3-3.11.15"
        },
        "x86_64-linux": {
          "outputs": [
            {
              "name": "out",
              "path": "/nix/store/7iz3yb7ism5wi4gnf2cnkg6fspraqxw4-python3-3.11.15",
              "default": true
            },
            {
              "name": "debug",
              "path": "/nix/store/lsrf6784n5d1lhr6yvrlxb4x71vh6m19-python3-3.11.15-debug"
            }
          ],
          "store_path": "/nix/store/7iz3yb7ism5wi4gnf2cnkg6fspraqxw4-python3-3.11.15"
        }
      }
    },
    "tectonic@0.16.9": {
      "last_modified": "2026-07-23T05:10:05Z",
      "resolved": "github:NixOS/nixpkgs/7525d999cd850b9a488817abc89c75dc733acf17#tectonic",
      "source": "devbox-search",
      "version": "0.16.9",
      "systems": {
        "aarch64-darwin": {
          "outputs": [
            {
              "name": "out",
              "path": "/nix/store/kg8ax0v0i8v4z86l6f65v9fr0b2gixj0-tectonic-wrapped-0.16.9",
              "default": true
            }
          ],
          "store_path": "/nix/store/kg8ax0v0i8v4z86l6f65v9fr0b2gixj0-tectonic-wrapped-0.16.9"
        },
        "aarch64-linux": {
          "outputs": [
            {
              "name": "out",
              "path": "/nix/store/c3r89k2kcjwfyz781wb4fndwwadr4lmz-tectonic-wrapped-0.16.9",
              "default": true
            }
          ],
          "store_path": "/nix/store/c3r89k2kcjwfyz781wb4fndwwadr4lmz-tectonic-wrapped-0.16.9"
        },
        "x86_64-darwin": {
          "outputs": [
            {
              "name": "out",
              "path": "/nix/store/h9vww0vxy99dpblsws9rvw6vgi9xv6vc-tectonic-wrapped-0.16.9",
              "default": true
            }
          ],
          "store_path": "/nix/store/h9vww0vxy99dpblsws9rvw6vgi9xv6vc-tectonic-wrapped-0.16.9"
        },
        "x86_64-linux": {
          "outputs": [
            {
              "name": "out",
              "path": "/nix/store/qjihq492i9dsb9g90zz40vqndgws9szn-tectonic-wrapped-0.16.9",
              "default": true
            }
          ],
          "store_path": "/nix/store/qjihq492i9dsb9g90zz40vqndgws9szn-tectonic-wrapped-0.16.9"
        }
      }
    }
  }
}
